
Microsoft Visual Studio Solution File, Format Version 12.00
# Visual Studio Version 17
VisualStudioVersion = 17.14.36518.9 d17.14
MinimumVisualStudioVersion = 10.0.40219.1
Project("{FAE04EC0-301F-11D3-BF4B-00C04F79EFBC}") = "Api", "Api\Api.csproj", "{3199E5A4-ECB9-497B-AB92-53B0707776B9}"
EndProject
Project("{FAE04EC0-301F-11D3-BF4B-00C04F79EFBC}") = "Repositories", "Repositories\Repositories.csproj", "{21EBB0B6-6EEE-412B-8DC1-C8CCF8076AFB}"
EndProject
Project("{FAE04EC0-301F-11D3-BF4B-00C04F79EFBC}") = "Interfaces", "Interfaces\Interfaces.csproj", "{30F91E36-F3FA-4562-8E69-74093FDC6DBA}"
EndProject
Project("{FAE04EC0-301F-11D3-BF4B-00C04F79EFBC}") = "Domain", "Domain\Domain.csproj", "{DD94577B-FD5D-4B47-AB26-E071CDCD9313}"
EndProject
Project("{FAE04EC0-301F-11D3-BF4B-00C04F79EFBC}") = "Database", "Database\Database.csproj", "{2B839D1A-0CA0-49AF-A062-D2A2151F618A}"
EndProject
Global
	GlobalSection(SolutionConfigurationPlatforms) = preSolution
		Debug|Any CPU = Debug|Any CPU
		Release|Any CPU = Release|Any CPU
	EndGlobalSection
	GlobalSection(ProjectConfigurationPlatforms) = postSolution
		{3199E5A4-ECB9-497B-AB92-53B0707776B9}.Debug|Any CPU.ActiveCfg = Debug|Any CPU
		{3199E5A4-ECB9-497B-AB92-53B0707776B9}.Debug|Any CPU.Build.0 = Debug|Any CPU
		{3199E5A4-ECB9-497B-AB92-53B0707776B9}.Release|Any CPU.ActiveCfg = Release|Any CPU
		{3199E5A4-ECB9-497B-AB92-53B0707776B9}.Release|Any CPU.Build.0 = Release|Any CPU
		{21EBB0B6-6EEE-412B-8DC1-C8CCF8076AFB}.Debug|Any CPU.ActiveCfg = Debug|Any CPU
		{21EBB0B6-6EEE-412B-8DC1-C8CCF8076AFB}.Debug|Any CPU.Build.0 = Debug|Any CPU
		{21EBB0B6-6EEE-412B-8DC1-C8CCF8076AFB}.Release|Any CPU.ActiveCfg = Release|Any CPU
		{21EBB0B6-6EEE-412B-8DC1-C8CCF8076AFB}.Release|Any CPU.Build.0 = Release|Any CPU
		{30F91E36-F3FA-4562-8E69-74093FDC6DBA}.Debug|Any CPU.ActiveCfg = Debug|Any CPU
		{30F91E36-F3FA-4562-8E69-74093FDC6DBA}.Debug|Any CPU.Build.0 = Debug|Any CPU
		{30F91E36-F3FA-4562-8E69-74093FDC6DBA}.Release|Any CPU.ActiveCfg = Release|Any CPU
		{30F91E36-F3FA-4562-8E69-74093FDC6DBA}.Release|Any CPU.Build.0 = Release|Any CPU
		{DD94577B-FD5D-4B47-AB26-E071CDCD9313}.Debug|Any CPU.ActiveCfg = Debug|Any CPU
		{DD94577B-FD5D-4B47-AB26-E071CDCD9313}.Debug|Any CPU.Build.0 = Debug|Any CPU
		{DD94577B-FD5D-4B47-AB26-E071CDCD9313}.Release|Any CPU.ActiveCfg = Release|Any CPU
		{DD94577B-FD5D-4B47-AB26-E071CDCD9313}.Release|Any CPU.Build.0 = Release|Any CPU
		{2B839D1A-0CA0-49AF-A062-D2A2151F618A}.Debug|Any CPU.ActiveCfg = Debug|Any CPU
		{2B839D1A-0CA0-49AF-A062-D2A2151F618A}.Debug|Any CPU.Build.0 = Debug|Any CPU
		{2B839D1A-0CA0-49AF-A062-D2A2151F618A}.Release|Any CPU.ActiveCfg = Release|Any CPU
		{2B839D1A-0CA0-49AF-A062-D2A2151F618A}.Release|Any CPU.Build.0 = Release|Any CPU
	EndGlobalSection
	GlobalSection(SolutionProperties) = preSolution
		HideSolutionNode = FALSE
	EndGlobalSection
	GlobalSection(ExtensibilityGlobals) = postSolution
		SolutionGuid = {230B476A-B3F3-47D2-9274-9E95C10064E9}
	EndGlobalSection
EndGlobal
